
Microsoft Visual Studio Solution File, Format Version 12.00
# Visual Studio 15
Project("{FAE04EC0-301F-11D3-BF4B-00C04F79EFBC}") = "Tsai_Yiting_PA6", "Tsai_Yiting_PA6\Tsai_Yiting_PA6.csproj", "{D2EAC8E6-34D2-47B5-BD9D-01A8EAC70887}"
EndProject
Global
	GlobalSection(SolutionConfigurationPlatforms) = preSolution
		Debug|anycpu = Debug|anycpu
		Release|anycpu = Release|anycpu
	EndGlobalSection
	GlobalSection(ProjectConfigurationPlatforms) = postSolution
		{D2EAC8E6-34D2-47B5-BD9D-01A8EAC70887}.Debug|anycpu.ActiveCfg = Debug|anycpu
		{D2EAC8E6-34D2-47B5-BD9D-01A8EAC70887}.Debug|anycpu.Build.0 = Debug|anycpu
		{D2EAC8E6-34D2-47B5-BD9D-01A8EAC70887}.Release|anycpu.ActiveCfg = Release|anycpu
		{D2EAC8E6-34D2-47B5-BD9D-01A8EAC70887}.Release|anycpu.Build.0 = Release|anycpu
	EndGlobalSection
EndGlobal
