
Microsoft Visual Studio Solution File, Format Version 12.00
# Visual Studio 15
Project("{FAE04EC0-301F-11D3-BF4B-00C04F79EFBC}") = "Tsai_Yiting_PA4", "Tsai_Yiting_PA4\Tsai_Yiting_PA4.csproj", "{C4FF8B05-0AD9-4AA0-8874-2A4F108C9419}"
EndProject
Global
	GlobalSection(SolutionConfigurationPlatforms) = preSolution
		Debug|anycpu = Debug|anycpu
		Release|anycpu = Release|anycpu
	EndGlobalSection
	GlobalSection(ProjectConfigurationPlatforms) = postSolution
		{C4FF8B05-0AD9-4AA0-8874-2A4F108C9419}.Debug|anycpu.ActiveCfg = Debug|anycpu
		{C4FF8B05-0AD9-4AA0-8874-2A4F108C9419}.Debug|anycpu.Build.0 = Debug|anycpu
		{C4FF8B05-0AD9-4AA0-8874-2A4F108C9419}.Release|anycpu.ActiveCfg = Release|anycpu
		{C4FF8B05-0AD9-4AA0-8874-2A4F108C9419}.Release|anycpu.Build.0 = Release|anycpu
	EndGlobalSection
EndGlobal
